
Microsoft Visual Studio Solution File, Format Version 12.00
# Visual Studio Version 17
VisualStudioVersion = 17.1.32407.343
MinimumVisualStudioVersion = 10.0.40219.1
Project("{2150E333-8FDC-42A3-9474-1A3956D46DE8}") = "docs", "docs", "{A223C812-F343-4323-87E0-339088C70299}"
	ProjectSection(SolutionItems) = preProject
		LEIAME.txt = LEIAME.txt
	EndProjectSection
EndProject
Project("{2150E333-8FDC-42A3-9474-1A3956D46DE8}") = "src", "src", "{ED374784-B350-4797-A573-A6A5E2F26E1A}"
EndProject
Project("{2150E333-8FDC-42A3-9474-1A3956D46DE8}") = "adapters", "adapters", "{B18B396C-1B10-427F-AFFB-62F91C005419}"
EndProject
Project("{2150E333-8FDC-42A3-9474-1A3956D46DE8}") = "ports", "ports", "{36812A64-EE18-4B13-9FAC-4BEC2CB1EAA4}"
EndProject
Project("{2150E333-8FDC-42A3-9474-1A3956D46DE8}") = "core", "core", "{AAEDD55C-C6E1-42D7-82A6-79DFFAC63AA8}"
EndProject
Project("{9A19103F-16F7-4668-BE54-9A1E7A4F7556}") = "CyberOfficeAPI.Core.Domain", "src\core\CyberOfficeAPI.Core.Domain\CyberOfficeAPI.Core.Domain.csproj", "{FFC3C204-46DE-4C1B-810D-AAEE28F3B0FD}"
EndProject
Project("{9A19103F-16F7-4668-BE54-9A1E7A4F7556}") = "CyberOfficeAPI.Ports.API", "src\ports\CyberOfficeAPI.Ports.API\CyberOfficeAPI.Ports.API.csproj", "{5C149E5C-DAD3-4DDA-8ACC-ADF72DDC107B}"
EndProject
Project("{9A19103F-16F7-4668-BE54-9A1E7A4F7556}") = "CyberOfficeAPI.Adapter.SQLServer", "src\adapters\CyberOfficeAPI.Adapter.SQLServer\CyberOfficeAPI.Adapter.SQLServer.csproj", "{7D8E3E70-4F7C-48F8-8EEC-35EA5C160814}"
EndProject
Project("{FAE04EC0-301F-11D3-BF4B-00C04F79EFBC}") = "CyberOfficeAPI.Core.Shared", "src\core\CyberOfficeAPI.Core.Shared\CyberOfficeAPI.Core.Shared.csproj", "{DE0755FE-FEF9-4BDD-9C56-276AF33C7CBB}"
EndProject
Project("{FAE04EC0-301F-11D3-BF4B-00C04F79EFBC}") = "CyberOfficeAPI.Core.Application", "src\core\CyberOfficeAPI.Core.Application\CyberOfficeAPI.Core.Application.csproj", "{F68E179C-36D9-47E4-89E6-F11057EFC23F}"
EndProject
Project("{FAE04EC0-301F-11D3-BF4B-00C04F79EFBC}") = "CyberOfficeAPI.Adapters.MessageBroker", "src\adapters\CyberOfficeAPI.Adapters.MessageBroker\CyberOfficeAPI.Adapters.MessageBroker.csproj", "{0AF301E9-B3ED-40C9-B4B6-39B21CDECED1}"
EndProject
Project("{2150E333-8FDC-42A3-9474-1A3956D46DE8}") = "tests", "tests", "{8A8101B4-9FBC-4D61-AD92-B3EDCAC84362}"
EndProject
Project("{FAE04EC0-301F-11D3-BF4B-00C04F79EFBC}") = "CyberOfficeAPI.Tests", "tests\CyberOfficeAPI.Tests\CyberOfficeAPI.Tests.csproj", "{488DA531-17D0-41EA-AC38-7A5B6A5D115E}"
EndProject
Global
	GlobalSection(SolutionConfigurationPlatforms) = preSolution
		Debug|Any CPU = Debug|Any CPU
		Release|Any CPU = Release|Any CPU
	EndGlobalSection
	GlobalSection(ProjectConfigurationPlatforms) = postSolution
		{FFC3C204-46DE-4C1B-810D-AAEE28F3B0FD}.Debug|Any CPU.ActiveCfg = Debug|Any CPU
		{FFC3C204-46DE-4C1B-810D-AAEE28F3B0FD}.Debug|Any CPU.Build.0 = Debug|Any CPU
		{FFC3C204-46DE-4C1B-810D-AAEE28F3B0FD}.Release|Any CPU.ActiveCfg = Release|Any CPU
		{FFC3C204-46DE-4C1B-810D-AAEE28F3B0FD}.Release|Any CPU.Build.0 = Release|Any CPU
		{5C149E5C-DAD3-4DDA-8ACC-ADF72DDC107B}.Debug|Any CPU.ActiveCfg = Debug|Any CPU
		{5C149E5C-DAD3-4DDA-8ACC-ADF72DDC107B}.Debug|Any CPU.Build.0 = Debug|Any CPU
		{5C149E5C-DAD3-4DDA-8ACC-ADF72DDC107B}.Release|Any CPU.ActiveCfg = Release|Any CPU
		{5C149E5C-DAD3-4DDA-8ACC-ADF72DDC107B}.Release|Any CPU.Build.0 = Release|Any CPU
		{7D8E3E70-4F7C-48F8-8EEC-35EA5C160814}.Debug|Any CPU.ActiveCfg = Debug|Any CPU
		{7D8E3E70-4F7C-48F8-8EEC-35EA5C160814}.Debug|Any CPU.Build.0 = Debug|Any CPU
		{7D8E3E70-4F7C-48F8-8EEC-35EA5C160814}.Release|Any CPU.ActiveCfg = Release|Any CPU
		{7D8E3E70-4F7C-48F8-8EEC-35EA5C160814}.Release|Any CPU.Build.0 = Release|Any CPU
		{DE0755FE-FEF9-4BDD-9C56-276AF33C7CBB}.Debug|Any CPU.ActiveCfg = Debug|Any CPU
		{DE0755FE-FEF9-4BDD-9C56-276AF33C7CBB}.Debug|Any CPU.Build.0 = Debug|Any CPU
		{DE0755FE-FEF9-4BDD-9C56-276AF33C7CBB}.Release|Any CPU.ActiveCfg = Release|Any CPU
		{DE0755FE-FEF9-4BDD-9C56-276AF33C7CBB}.Release|Any CPU.Build.0 = Release|Any CPU
		{F68E179C-36D9-47E4-89E6-F11057EFC23F}.Debug|Any CPU.ActiveCfg = Debug|Any CPU
		{F68E179C-36D9-47E4-89E6-F11057EFC23F}.Debug|Any CPU.Build.0 = Debug|Any CPU
		{F68E179C-36D9-47E4-89E6-F11057EFC23F}.Release|Any CPU.ActiveCfg = Release|Any CPU
		{F68E179C-36D9-47E4-89E6-F11057EFC23F}.Release|Any CPU.Build.0 = Release|Any CPU
		{0AF301E9-B3ED-40C9-B4B6-39B21CDECED1}.Debug|Any CPU.ActiveCfg = Debug|Any CPU
		{0AF301E9-B3ED-40C9-B4B6-39B21CDECED1}.Debug|Any CPU.Build.0 = Debug|Any CPU
		{0AF301E9-B3ED-40C9-B4B6-39B21CDECED1}.Release|Any CPU.ActiveCfg = Release|Any CPU
		{0AF301E9-B3ED-40C9-B4B6-39B21CDECED1}.Release|Any CPU.Build.0 = Release|Any CPU
		{488DA531-17D0-41EA-AC38-7A5B6A5D115E}.Debug|Any CPU.ActiveCfg = Debug|Any CPU
		{488DA531-17D0-41EA-AC38-7A5B6A5D115E}.Debug|Any CPU.Build.0 = Debug|Any CPU
		{488DA531-17D0-41EA-AC38-7A5B6A5D115E}.Release|Any CPU.ActiveCfg = Release|Any CPU
		{488DA531-17D0-41EA-AC38-7A5B6A5D115E}.Release|Any CPU.Build.0 = Release|Any CPU
	EndGlobalSection
	GlobalSection(SolutionProperties) = preSolution
		HideSolutionNode = FALSE
	EndGlobalSection
	GlobalSection(NestedProjects) = preSolution
		{B18B396C-1B10-427F-AFFB-62F91C005419} = {ED374784-B350-4797-A573-A6A5E2F26E1A}
		{36812A64-EE18-4B13-9FAC-4BEC2CB1EAA4} = {ED374784-B350-4797-A573-A6A5E2F26E1A}
		{AAEDD55C-C6E1-42D7-82A6-79DFFAC63AA8} = {ED374784-B350-4797-A573-A6A5E2F26E1A}
		{FFC3C204-46DE-4C1B-810D-AAEE28F3B0FD} = {AAEDD55C-C6E1-42D7-82A6-79DFFAC63AA8}
		{5C149E5C-DAD3-4DDA-8ACC-ADF72DDC107B} = {36812A64-EE18-4B13-9FAC-4BEC2CB1EAA4}
		{7D8E3E70-4F7C-48F8-8EEC-35EA5C160814} = {B18B396C-1B10-427F-AFFB-62F91C005419}
		{DE0755FE-FEF9-4BDD-9C56-276AF33C7CBB} = {AAEDD55C-C6E1-42D7-82A6-79DFFAC63AA8}
		{F68E179C-36D9-47E4-89E6-F11057EFC23F} = {AAEDD55C-C6E1-42D7-82A6-79DFFAC63AA8}
		{0AF301E9-B3ED-40C9-B4B6-39B21CDECED1} = {B18B396C-1B10-427F-AFFB-62F91C005419}
		{488DA531-17D0-41EA-AC38-7A5B6A5D115E} = {8A8101B4-9FBC-4D61-AD92-B3EDCAC84362}
	EndGlobalSection
	GlobalSection(ExtensibilityGlobals) = postSolution
		SolutionGuid = {EADC3988-8DD3-4210-8221-998840CECBD1}
	EndGlobalSection
EndGlobal
